
Microsoft Visual Studio Solution File, Format Version 12.00
# Visual Studio Version 17
VisualStudioVersion = 17.11.35327.3
MinimumVisualStudioVersion = 10.0.40219.1
Project("{8BC9CEB8-8B4A-11D0-8D11-00A0C91BC942}") = "SandBox", "SandBox\SandBox.vcxproj", "{80EECC10-4801-4687-9FBC-A3573F606C21}"
EndProject
Project("{8BC9CEB8-8B4A-11D0-8D11-00A0C91BC942}") = "GameEngine", "GameEngine\GameEngine.vcxproj", "{91FE9D7F-C626-4269-83C2-1797F9D7EB69}"
EndProject
Global
	GlobalSection(SolutionConfigurationPlatforms) = preSolution
		Debug|x64 = Debug|x64
		Release|x64 = Release|x64
	EndGlobalSection
	GlobalSection(ProjectConfigurationPlatforms) = postSolution
		{80EECC10-4801-4687-9FBC-A3573F606C21}.Debug|x64.ActiveCfg = Debug|x64
		{80EECC10-4801-4687-9FBC-A3573F606C21}.Debug|x64.Build.0 = Debug|x64
		{80EECC10-4801-4687-9FBC-A3573F606C21}.Release|x64.ActiveCfg = Release|x64
		{80EECC10-4801-4687-9FBC-A3573F606C21}.Release|x64.Build.0 = Release|x64
		{91FE9D7F-C626-4269-83C2-1797F9D7EB69}.Debug|x64.ActiveCfg = Debug|x64
		{91FE9D7F-C626-4269-83C2-1797F9D7EB69}.Debug|x64.Build.0 = Debug|x64
		{91FE9D7F-C626-4269-83C2-1797F9D7EB69}.Release|x64.ActiveCfg = Release|x64
		{91FE9D7F-C626-4269-83C2-1797F9D7EB69}.Release|x64.Build.0 = Release|x64
	EndGlobalSection
	GlobalSection(SolutionProperties) = preSolution
		HideSolutionNode = FALSE
	EndGlobalSection
	GlobalSection(ExtensibilityGlobals) = postSolution
		SolutionGuid = {B832D088-D6C9-48C9-A159-9C7960C5DE60}
	EndGlobalSection
EndGlobal
